{
  "nodes": {
    "import-cargo": {
      "info": {
        "narHash": "sha256-wIXWOpX9rRjK5NDsL6WzuuBJl2R0kUCnlpZUrASykSc="
      },
      "locked": {
        "owner": "edolstra",
        "repo": "import-cargo",
        "rev": "8abf7b3a8cbe1c8a885391f826357a74d382a422",
        "type": "github"
      },
      "original": {
        "owner": "edolstra",
        "repo": "import-cargo",
        "type": "github"
      }
    },
    "nixpkgs": {
      "info": {
        "lastModified": 1585964594,
        "narHash": "sha256-t4gxs2MbJEhtPCx1It/ckzLOt81fX6fjHrCIG2MwaYQ="
      },
      "locked": {
        "owner": "NixOS",
        "repo": "nixpkgs",
        "rev": "4dc8447c55fe5262bad1019121a8e6d3f9e1e71f",
        "type": "github"
      },
      "original": {
        "id": "nixpkgs",
        "ref": "nixos-20.03",
        "type": "indirect"
      }
    },
    "root": {
      "inputs": {
        "import-cargo": "import-cargo",
        "nixpkgs": "nixpkgs"
      }
    }
  },
  "root": "root",
  "version": 5
}
